// !$*UTF8*$!
{
	archiveVersion = 1;
	classes = {
	};
	objectVersion = 50;
	objects = {

/* Begin PBXBuildFile section */
		12F1557422BD895500B3BFF6 /* AppDelegate.swift in Sources */ = {isa = PBXBuildFile; fileRef = 12F1557322BD895500B3BFF6 /* AppDelegate.swift */; };
		12F1557622BD895500B3BFF6 /* ViewController.swift in Sources */ = {isa = PBXBuildFile; fileRef = 12F1557522BD895500B3BFF6 /* ViewController.swift */; };
		12F1557922BD895500B3BFF6 /* Main.storyboard in Resources */ = {isa = PBXBuildFile; fileRef = 12F1557722BD895500B3BFF6 /* Main.storyboard */; };
		12F1557C22BD895500B3BFF6 /* TheNewInsta.xcdatamodeld in Sources */ = {isa = PBXBuildFile; fileRef = 12F1557A22BD895500B3BFF6 /* TheNewInsta.xcdatamodeld */; };
		12F1557E22BD895600B3BFF6 /* Assets.xcassets in Resources */ = {isa = PBXBuildFile; fileRef = 12F1557D22BD895600B3BFF6 /* Assets.xcassets */; };
		12F1558122BD895600B3BFF6 /* LaunchScreen.storyboard in Resources */ = {isa = PBXBuildFile; fileRef = 12F1557F22BD895600B3BFF6 /* LaunchScreen.storyboard */; };
		12F1558C22BD895600B3BFF6 /* TheNewInstaTests.swift in Sources */ = {isa = PBXBuildFile; fileRef = 12F1558B22BD895600B3BFF6 /* TheNewInstaTests.swift */; };
		12F1559722BD895600B3BFF6 /* TheNewInstaUITests.swift in Sources */ = {isa = PBXBuildFile; fileRef = 12F1559622BD895600B3BFF6 /* TheNewInstaUITests.swift */; };
/* End PBXBuildFile section */

/* Begin PBXContainerItemProxy section */
		12F1558822BD895600B3BFF6 /* PBXContainerItemProxy */ = {
			isa = PBXContainerItemProxy;
			containerPortal = 12F1556822BD895500B3BFF6 /* Project object */;
			proxyType = 1;
			remoteGlobalIDString = 12F1556F22BD895500B3BFF6;
			remoteInfo = TheNewInsta;
		};
		12F1559322BD895600B3BFF6 /* PBXContainerItemProxy */ = {
			isa = PBXContainerItemProxy;
			containerPortal = 12F1556822BD895500B3BFF6 /* Project object */;
			proxyType = 1;
			remoteGlobalIDString = 12F1556F22BD895500B3BFF6;
			remoteInfo = TheNewInsta;
		};
/* End PBXContainerItemProxy section */

/* Begin PBXFileReference section */
		12F1557022BD895500B3BFF6 /* TheNewInsta.app */ = {isa = PBXFileReference; explicitFileType = wrapper.application; includeInIndex = 0; path = TheNewInsta.app; sourceTree = BUILT_PRODUCTS_DIR; };
		12F1557322BD895500B3BFF6 /* AppDelegate.swift */ = {isa = PBXFileReference; lastKnownFileType = sourcecode.swift; path = AppDelegate.swift; sourceTree = "<group>"; };
		12F1557522BD895500B3BFF6 /* ViewController.swift */ = {isa = PBXFileReference; lastKnownFileType = sourcecode.swift; path = ViewController.swift; sourceTree = "<group>"; };
		12F1557822BD895500B3BFF6 /* Base */ = {isa = PBXFileReference; lastKnownFileType = file.storyboard; name = Base; path = Base.lproj/Main.storyboard; sourceTree = "<group>"; };
		12F1557B22BD895500B3BFF6 /* TheNewInsta.xcdatamodel */ = {isa = PBXFileReference; lastKnownFileType = wrapper.xcdatamodel; path = TheNewInsta.xcdatamodel; sourceTree = "<group>"; };
		12F1557D22BD895600B3BFF6 /* Assets.xcassets */ = {isa = PBXFileReference; lastKnownFileType = folder.assetcatalog; path = Assets.xcassets; sourceTree = "<group>"; };
		12F1558022BD895600B3BFF6 /* Base */ = {isa = PBXFileReference; lastKnownFileType = file.storyboard; name = Base; path = Base.lproj/LaunchScreen.storyboard; sourceTree = "<group>"; };
		12F1558222BD895600B3BFF6 /* Info.plist */ = {isa = PBXFileReference; lastKnownFileType = text.plist.xml; path = Info.plist; sourceTree = "<group>"; };
		12F1558722BD895600B3BFF6 /* TheNewInstaTests.xctest */ = {isa = PBXFileReference; explicitFileType = wrapper.cfbundle; includeInIndex = 0; path = TheNewInstaTests.xctest; sourceTree = BUILT_PRODUCTS_DIR; };
		12F1558B22BD895600B3BFF6 /* TheNewInstaTests.swift */ = {isa = PBXFileReference; lastKnownFileType = sourcecode.swift; path = TheNewInstaTests.swift; sourceTree = "<group>"; };
		12F1558D22BD895600B3BFF6 /* Info.plist */ = {isa = PBXFileReference; lastKnownFileType = text.plist.xml; path = Info.plist; sourceTree = "<group>"; };
		12F1559222BD895600B3BFF6 /* TheNewInstaUITests.xctest */ = {isa = PBXFileReference; explicitFileType = wrapper.cfbundle; includeInIndex = 0; path = TheNewInstaUITests.xctest; sourceTree = BUILT_PRODUCTS_DIR; };
		12F1559622BD895600B3BFF6 /* TheNewInstaUITests.swift */ = {isa = PBXFileReference; lastKnownFileType = sourcecode.swift; path = TheNewInstaUITests.swift; sourceTree = "<group>"; };
		12F1559822BD895600B3BFF6 /* Info.plist */ = {isa = PBXFileReference; lastKnownFileType = text.plist.xml; path = Info.plist; sourceTree = "<group>"; };
/* End PBXFileReference section */

/* Begin PBXFrameworksBuildPhase section */
		12F1556D22BD895500B3BFF6 /* Frameworks */ = {
			isa = PBXFrameworksBuildPhase;
			buildActionMask = 2147483647;
			files = (
			);
			runOnlyForDeploymentPostprocessing = 0;
		};
		12F1558422BD895600B3BFF6 /* Frameworks */ = {
			isa = PBXFrameworksBuildPhase;
			buildActionMask = 2147483647;
			files = (
			);
			runOnlyForDeploymentPostprocessing = 0;
		};
		12F1558F22BD895600B3BFF6 /* Frameworks */ = {
			isa = PBXFrameworksBuildPhase;
			buildActionMask = 2147483647;
			files = (
			);
			runOnlyForDeploymentPostprocessing = 0;
		};
/* End PBXFrameworksBuildPhase section */

/* Begin PBXGroup section */
		12F1556722BD895500B3BFF6 = {
			isa = PBXGroup;
			children = (
				12F1557222BD895500B3BFF6 /* TheNewInsta */,
				12F1558A22BD895600B3BFF6 /* TheNewInstaTests */,
				12F1559522BD895600B3BFF6 /* TheNewInstaUITests */,
				12F1557122BD895500B3BFF6 /* Products */,
			);
			sourceTree = "<group>";
		};
		12F1557122BD895500B3BFF6 /* Products */ = {
			isa = PBXGroup;
			children = (
				12F1557022BD895500B3BFF6 /* TheNewInsta.app */,
				12F1558722BD895600B3BFF6 /* TheNewInstaTests.xctest */,
				12F1559222BD895600B3BFF6 /* TheNewInstaUITests.xctest */,
			);
			name = Products;
			sourceTree = "<group>";
		};
		12F1557222BD895500B3BFF6 /* TheNewInsta */ = {
			isa = PBXGroup;
			children = (
				12F1557322BD895500B3BFF6 /* AppDelegate.swift */,
				12F1557522BD895500B3BFF6 /* ViewController.swift */,
				12F1557722BD895500B3BFF6 /* Main.storyboard */,
				12F1557D22BD895600B3BFF6 /* Assets.xcassets */,
				12F1557F22BD895600B3BFF6 /* LaunchScreen.storyboard */,
				12F1558222BD895600B3BFF6 /* Info.plist */,
				12F1557A22BD895500B3BFF6 /* TheNewInsta.xcdatamodeld */,
			);
			path = TheNewInsta;
			sourceTree = "<group>";
		};
		12F1558A22BD895600B3BFF6 /* TheNewInstaTests */ = {
			isa = PBXGroup;
			children = (
				12F1558B22BD895600B3BFF6 /* TheNewInstaTests.swift */,
				12F1558D22BD895600B3BFF6 /* Info.plist */,
			);
			path = TheNewInstaTests;
			sourceTree = "<group>";
		};
		12F1559522BD895600B3BFF6 /* TheNewInstaUITests */ = {
			isa = PBXGroup;
			children = (
				12F1559622BD895600B3BFF6 /* TheNewInstaUITests.swift */,
				12F1559822BD895600B3BFF6 /* Info.plist */,
			);
			path = TheNewInstaUITests;
			sourceTree = "<group>";
		};
/* End PBXGroup section */

/* Begin PBXNativeTarget section */
		12F1556F22BD895500B3BFF6 /* TheNewInsta */ = {
			isa = PBXNativeTarget;
			buildConfigurationList = 12F1559B22BD895600B3BFF6 /* Build configuration list for PBXNativeTarget "TheNewInsta" */;
			buildPhases = (
				12F1556C22BD895500B3BFF6 /* Sources */,
				12F1556D22BD895500B3BFF6 /* Frameworks */,
				12F1556E22BD895500B3BFF6 /* Resources */,
			);
			buildRules = (
			);
			dependencies = (
			);
			name = TheNewInsta;
			productName = TheNewInsta;
			productReference = 12F1557022BD895500B3BFF6 /* TheNewInsta.app */;
			productType = "com.apple.product-type.application";
		};
		12F1558622BD895600B3BFF6 /* TheNewInstaTests */ = {
			isa = PBXNativeTarget;
			buildConfigurationList = 12F1559E22BD895600B3BFF6 /* Build configuration list for PBXNativeTarget "TheNewInstaTests" */;
			buildPhases = (
				12F1558322BD895600B3BFF6 /* Sources */,
				12F1558422BD895600B3BFF6 /* Frameworks */,
				12F1558522BD895600B3BFF6 /* Resources */,
			);
			buildRules = (
			);
			dependencies = (
				12F1558922BD895600B3BFF6 /* PBXTargetDependency */,
			);
			name = TheNewInstaTests;
			productName = TheNewInstaTests;
			productReference = 12F1558722BD895600B3BFF6 /* TheNewInstaTests.xctest */;
			productType = "com.apple.product-type.bundle.unit-test";
		};
		12F1559122BD895600B3BFF6 /* TheNewInstaUITests */ = {
			isa = PBXNativeTarget;
			buildConfigurationList = 12F155A122BD895600B3BFF6 /* Build configuration list for PBXNativeTarget "TheNewInstaUITests" */;
			buildPhases = (
				12F1558E22BD895600B3BFF6 /* Sources */,
				12F1558F22BD895600B3BFF6 /* Frameworks */,
				12F1559022BD895600B3BFF6 /* Resources */,
			);
			buildRules = (
			);
			dependencies = (
				12F1559422BD895600B3BFF6 /* PBXTargetDependency */,
			);
			name = TheNewInstaUITests;
			productName = TheNewInstaUITests;
			productReference = 12F1559222BD895600B3BFF6 /* TheNewInstaUITests.xctest */;
			productType = "com.apple.product-type.bundle.ui-testing";
		};
/* End PBXNativeTarget section */

/* Begin PBXProject section */
		12F1556822BD895500B3BFF6 /* Project object */ = {
			isa = PBXProject;
			attributes = {
				LastSwiftUpdateCheck = 1020;
				LastUpgradeCheck = 1020;
				ORGANIZATIONNAME = "Tia Jones";
				TargetAttributes = {
					12F1556F22BD895500B3BFF6 = {
						CreatedOnToolsVersion = 10.2.1;
					};
					12F1558622BD895600B3BFF6 = {
						CreatedOnToolsVersion = 10.2.1;
						TestTargetID = 12F1556F22BD895500B3BFF6;
					};
					12F1559122BD895600B3BFF6 = {
						CreatedOnToolsVersion = 10.2.1;
						TestTargetID = 12F1556F22BD895500B3BFF6;
					};
				};
			};
			buildConfigurationList = 12F1556B22BD895500B3BFF6 /* Build configuration list for PBXProject "TheNewInsta" */;
			compatibilityVersion = "Xcode 9.3";
			developmentRegion = en;
			hasScannedForEncodings = 0;
			knownRegions = (
				en,
				Base,
			);
			mainGroup = 12F1556722BD895500B3BFF6;
			productRefGroup = 12F1557122BD895500B3BFF6 /* Products */;
			projectDirPath = "";
			projectRoot = "";
			targets = (
				12F1556F22BD895500B3BFF6 /* TheNewInsta */,
				12F1558622BD895600B3BFF6 /* TheNewInstaTests */,
				12F1559122BD895600B3BFF6 /* TheNewInstaUITests */,
			);
		};
/* End PBXProject section */

/* Begin PBXResourcesBuildPhase section */
		12F1556E22BD895500B3BFF6 /* Resources */ = {
			isa = PBXResourcesBuildPhase;
			buildActionMask = 2147483647;
			files = (
				12F1558122BD895600B3BFF6 /* LaunchScreen.storyboard in Resources */,
				12F1557E22BD895600B3BFF6 /* Assets.xcassets in Resources */,
				12F1557922BD895500B3BFF6 /* Main.storyboard in Resources */,
			);
			runOnlyForDeploymentPostprocessing = 0;
		};
		12F1558522BD895600B3BFF6 /* Resources */ = {
			isa = PBXResourcesBuildPhase;
			buildActionMask = 2147483647;
			files = (
			);
			runOnlyForDeploymentPostprocessing = 0;
		};
		12F1559022BD895600B3BFF6 /* Resources */ = {
			isa = PBXResourcesBuildPhase;
			buildActionMask = 2147483647;
			files = (
			);
			runOnlyForDeploymentPostprocessing = 0;
		};
/* End PBXResourcesBuildPhase section */

/* Begin PBXSourcesBuildPhase section */
		12F1556C22BD895500B3BFF6 /* Sources */ = {
			isa = PBXSourcesBuildPhase;
			buildActionMask = 2147483647;
			files = (
				12F1557622BD895500B3BFF6 /* ViewController.swift in Sources */,
				12F1557422BD895500B3BFF6 /* AppDelegate.swift in Sources */,
				12F1557C22BD895500B3BFF6 /* TheNewInsta.xcdatamodeld in Sources */,
			);
			runOnlyForDeploymentPostprocessing = 0;
		};
		12F1558322BD895600B3BFF6 /* Sources */ = {
			isa = PBXSourcesBuildPhase;
			buildActionMask = 2147483647;
			files = (
				12F1558C22BD895600B3BFF6 /* TheNewInstaTests.swift in Sources */,
			);
			runOnlyForDeploymentPostprocessing = 0;
		};
		12F1558E22BD895600B3BFF6 /* Sources */ = {
			isa = PBXSourcesBuildPhase;
			buildActionMask = 2147483647;
			files = (
				12F1559722BD895600B3BFF6 /* TheNewInstaUITests.swift in Sources */,
			);
			runOnlyForDeploymentPostprocessing = 0;
		};
/* End PBXSourcesBuildPhase section */

/* Begin PBXTargetDependency section */
		12F1558922BD895600B3BFF6 /* PBXTargetDependency */ = {
			isa = PBXTargetDependency;
			target = 12F1556F22BD895500B3BFF6 /* TheNewInsta */;
			targetProxy = 12F1558822BD895600B3BFF6 /* PBXContainerItemProxy */;
		};
		12F1559422BD895600B3BFF6 /* PBXTargetDependency */ = {
			isa = PBXTargetDependency;
			target = 12F1556F22BD895500B3BFF6 /* TheNewInsta */;
			targetProxy = 12F1559322BD895600B3BFF6 /* PBXContainerItemProxy */;
		};
/* End PBXTargetDependency section */

/* Begin PBXVariantGroup section */
		12F1557722BD895500B3BFF6 /* Main.storyboard */ = {
			isa = PBXVariantGroup;
			children = (
				12F1557822BD895500B3BFF6 /* Base */,
			);
			name = Main.storyboard;
			sourceTree = "<group>";
		};
		12F1557F22BD895600B3BFF6 /* LaunchScreen.storyboard */ = {
			isa = PBXVariantGroup;
			children = (
				12F1558022BD895600B3BFF6 /* Base */,
			);
			name = LaunchScreen.storyboard;
			sourceTree = "<group>";
		};
/* End PBXVariantGroup section */

/* Begin XCBuildConfiguration section */
		12F1559922BD895600B3BFF6 /* Debug */ = {
			isa = XCBuildConfiguration;
			buildSettings = {
				ALWAYS_SEARCH_USER_PATHS = NO;
				CLANG_ANALYZER_NONNULL = YES;
				CLANG_ANALYZER_NUMBER_OBJECT_CONVERSION = YES_AGGRESSIVE;
				CLANG_CXX_LANGUAGE_STANDARD = "gnu++14";
				CLANG_CXX_LIBRARY = "libc++";
				CLANG_ENABLE_MODULES = YES;
				CLANG_ENABLE_OBJC_ARC = YES;
				CLANG_ENABLE_OBJC_WEAK = YES;
				CLANG_WARN_BLOCK_CAPTURE_AUTORELEASING = YES;
				CLANG_WARN_BOOL_CONVERSION = YES;
				CLANG_WARN_COMMA = YES;
				CLANG_WARN_CONSTANT_CONVERSION = YES;
				CLANG_WARN_DEPRECATED_OBJC_IMPLEMENTATIONS = YES;
				CLANG_WARN_DIRECT_OBJC_ISA_USAGE = YES_ERROR;
				CLANG_WARN_DOCUMENTATION_COMMENTS = YES;
				CLANG_WARN_EMPTY_BODY = YES;
				CLANG_WARN_ENUM_CONVERSION = YES;
				CLANG_WARN_INFINITE_RECURSION = YES;
				CLANG_WARN_INT_CONVERSION = YES;
				CLANG_WARN_NON_LITERAL_NULL_CONVERSION = YES;
				CLANG_WARN_OBJC_IMPLICIT_RETAIN_SELF = YES;
				CLANG_WARN_OBJC_LITERAL_CONVERSION = YES;
				CLANG_WARN_OBJC_ROOT_CLASS = YES_ERROR;
				CLANG_WARN_RANGE_LOOP_ANALYSIS = YES;
				CLANG_WARN_STRICT_PROTOTYPES = YES;
				CLANG_WARN_SUSPICIOUS_MOVE = YES;
				CLANG_WARN_UNGUARDED_AVAILABILITY = YES_AGGRESSIVE;
				CLANG_WARN_UNREACHABLE_CODE = YES;
				CLANG_WARN__DUPLICATE_METHOD_MATCH = YES;
				CODE_SIGN_IDENTITY = "iPhone Developer";
				COPY_PHASE_STRIP = NO;
				DEBUG_INFORMATION_FORMAT = dwarf;
				ENABLE_STRICT_OBJC_MSGSEND = YES;
				ENABLE_TESTABILITY = YES;
				GCC_C_LANGUAGE_STANDARD = gnu11;
				GCC_DYNAMIC_NO_PIC = NO;
				GCC_NO_COMMON_BLOCKS = YES;
				GCC_OPTIMIZATION_LEVEL = 0;
				GCC_PREPROCESSOR_DEFINITIONS = (
					"DEBUG=1",
					"$(inherited)",
				);
				GCC_WARN_64_TO_32_BIT_CONVERSION = YES;
				GCC_WARN_ABOUT_RETURN_TYPE = YES_ERROR;
				GCC_WARN_UNDECLARED_SELECTOR = YES;
				GCC_WARN_UNINITIALIZED_AUTOS = YES_AGGRESSIVE;
				GCC_WARN_UNUSED_FUNCTION = YES;
				GCC_WARN_UNUSED_VARIABLE = YES;
				IPHONEOS_DEPLOYMENT_TARGET = 12.2;
				MTL_ENABLE_DEBUG_INFO = INCLUDE_SOURCE;
				MTL_FAST_MATH = YES;
				ONLY_ACTIVE_ARCH = YES;
				SDKROOT = iphoneos;
				SWIFT_ACTIVE_COMPILATION_CONDITIONS = DEBUG;
				SWIFT_OPTIMIZATION_LEVEL = "-Onone";
			};
			name = Debug;
		};
		12F1559A22BD895600B3BFF6 /* Release */ = {
			isa = XCBuildConfiguration;
			buildSettings = {
				ALWAYS_SEARCH_USER_PATHS = NO;
				CLANG_ANALYZER_NONNULL = YES;
				CLANG_ANALYZER_NUMBER_OBJECT_CONVERSION = YES_AGGRESSIVE;
				CLANG_CXX_LANGUAGE_STANDARD = "gnu++14";
				CLANG_CXX_LIBRARY = "libc++";
				CLANG_ENABLE_MODULES = YES;
				CLANG_ENABLE_OBJC_ARC = YES;
				CLANG_ENABLE_OBJC_WEAK = YES;
				CLANG_WARN_BLOCK_CAPTURE_AUTORELEASING = YES;
				CLANG_WARN_BOOL_CONVERSION = YES;
				CLANG_WARN_COMMA = YES;
				CLANG_WARN_CONSTANT_CONVERSION = YES;
				CLANG_WARN_DEPRECATED_OBJC_IMPLEMENTATIONS = YES;
				CLANG_WARN_DIRECT_OBJC_ISA_USAGE = YES_ERROR;
				CLANG_WARN_DOCUMENTATION_COMMENTS = YES;
				CLANG_WARN_EMPTY_BODY = YES;
				CLANG_WARN_ENUM_CONVERSION = YES;
				CLANG_WARN_INFINITE_RECURSION = YES;
				CLANG_WARN_INT_CONVERSION = YES;
				CLANG_WARN_NON_LITERAL_NULL_CONVERSION = YES;
				CLANG_WARN_OBJC_IMPLICIT_RETAIN_SELF = YES;
				CLANG_WARN_OBJC_LITERAL_CONVERSION = YES;
				CLANG_WARN_OBJC_ROOT_CLASS = YES_ERROR;
				CLANG_WARN_RANGE_LOOP_ANALYSIS = YES;
				CLANG_WARN_STRICT_PROTOTYPES = YES;
				CLANG_WARN_SUSPICIOUS_MOVE = YES;
				CLANG_WARN_UNGUARDED_AVAILABILITY = YES_AGGRESSIVE;
				CLANG_WARN_UNREACHABLE_CODE = YES;
				CLANG_WARN__DUPLICATE_METHOD_MATCH = YES;
				CODE_SIGN_IDENTITY = "iPhone Developer";
				COPY_PHASE_STRIP = NO;
				DEBUG_INFORMATION_FORMAT = "dwarf-with-dsym";
				ENABLE_NS_ASSERTIONS = NO;
				ENABLE_STRICT_OBJC_MSGSEND = YES;
				GCC_C_LANGUAGE_STANDARD = gnu11;
				GCC_NO_COMMON_BLOCKS = YES;
				GCC_WARN_64_TO_32_BIT_CONVERSION = YES;
				GCC_WARN_ABOUT_RETURN_TYPE = YES_ERROR;
				GCC_WARN_UNDECLARED_SELECTOR = YES;
				GCC_WARN_UNINITIALIZED_AUTOS = YES_AGGRESSIVE;
				GCC_WARN_UNUSED_FUNCTION = YES;
				GCC_WARN_UNUSED_VARIABLE = YES;
				IPHONEOS_DEPLOYMENT_TARGET = 12.2;
				MTL_ENABLE_DEBUG_INFO = NO;
				MTL_FAST_MATH = YES;
				SDKROOT = iphoneos;
				SWIFT_COMPILATION_MODE = wholemodule;
				SWIFT_OPTIMIZATION_LEVEL = "-O";
				VALIDATE_PRODUCT = YES;
			};
			name = Release;
		};
		12F1559C22BD895600B3BFF6 /* Debug */ = {
			isa = XCBuildConfiguration;
			buildSettings = {
				ASSETCATALOG_COMPILER_APPICON_NAME = AppIcon;
				CODE_SIGN_STYLE = Automatic;
				INFOPLIST_FILE = TheNewInsta/Info.plist;
				LD_RUNPATH_SEARCH_PATHS = (
					"$(inherited)",
					"@executable_path/Frameworks",
				);
				PRODUCT_BUNDLE_IDENTIFIER = KWK.TheNewInsta;
				PRODUCT_NAME = "$(TARGET_NAME)";
				SWIFT_VERSION = 5.0;
				TARGETED_DEVICE_FAMILY = "1,2";
			};
			name = Debug;
		};
		12F1559D22BD895600B3BFF6 /* Release */ = {
			isa = XCBuildConfiguration;
			buildSettings = {
				ASSETCATALOG_COMPILER_APPICON_NAME = AppIcon;
				CODE_SIGN_STYLE = Automatic;
				INFOPLIST_FILE = TheNewInsta/Info.plist;
				LD_RUNPATH_SEARCH_PATHS = (
					"$(inherited)",
					"@executable_path/Frameworks",
				);
				PRODUCT_BUNDLE_IDENTIFIER = KWK.TheNewInsta;
				PRODUCT_NAME = "$(TARGET_NAME)";
				SWIFT_VERSION = 5.0;
				TARGETED_DEVICE_FAMILY = "1,2";
			};
			name = Release;
		};
		12F1559F22BD895600B3BFF6 /* Debug */ = {
			isa = XCBuildConfiguration;
			buildSettings = {
				ALWAYS_EMBED_SWIFT_STANDARD_LIBRARIES = YES;
				BUNDLE_LOADER = "$(TEST_HOST)";
				CODE_SIGN_STYLE = Automatic;
				INFOPLIST_FILE = TheNewInstaTests/Info.plist;
				LD_RUNPATH_SEARCH_PATHS = (
					"$(inherited)",
					"@executable_path/Frameworks",
					"@loader_path/Frameworks",
				);
				PRODUCT_BUNDLE_IDENTIFIER = KWK.TheNewInstaTests;
				PRODUCT_NAME = "$(TARGET_NAME)";
				SWIFT_VERSION = 5.0;
				TARGETED_DEVICE_FAMILY = "1,2";
				TEST_HOST = "$(BUILT_PRODUCTS_DIR)/TheNewInsta.app/TheNewInsta";
			};
			name = Debug;
		};
		12F155A022BD895600B3BFF6 /* Release */ = {
			isa = XCBuildConfiguration;
			buildSettings = {
				ALWAYS_EMBED_SWIFT_STANDARD_LIBRARIES = YES;
				BUNDLE_LOADER = "$(TEST_HOST)";
				CODE_SIGN_STYLE = Automatic;
				INFOPLIST_FILE = TheNewInstaTests/Info.plist;
				LD_RUNPATH_SEARCH_PATHS = (
					"$(inherited)",
					"@executable_path/Frameworks",
					"@loader_path/Frameworks",
				);
				PRODUCT_BUNDLE_IDENTIFIER = KWK.TheNewInstaTests;
				PRODUCT_NAME = "$(TARGET_NAME)";
				SWIFT_VERSION = 5.0;
				TARGETED_DEVICE_FAMILY = "1,2";
				TEST_HOST = "$(BUILT_PRODUCTS_DIR)/TheNewInsta.app/TheNewInsta";
			};
			name = Release;
		};
		12F155A222BD895600B3BFF6 /* Debug */ = {
			isa = XCBuildConfiguration;
			buildSettings = {
				ALWAYS_EMBED_SWIFT_STANDARD_LIBRARIES = YES;
				CODE_SIGN_STYLE = Automatic;
				INFOPLIST_FILE = TheNewInstaUITests/Info.plist;
				LD_RUNPATH_SEARCH_PATHS = (
					"$(inherited)",
					"@executable_path/Frameworks",
					"@loader_path/Frameworks",
				);
				PRODUCT_BUNDLE_IDENTIFIER = KWK.TheNewInstaUITests;
				PRODUCT_NAME = "$(TARGET_NAME)";
				SWIFT_VERSION = 5.0;
				TARGETED_DEVICE_FAMILY = "1,2";
				TEST_TARGET_NAME = TheNewInsta;
			};
			name = Debug;
		};
		12F155A322BD895600B3BFF6 /* Release */ = {
			isa = XCBuildConfiguration;
			buildSettings = {
				ALWAYS_EMBED_SWIFT_STANDARD_LIBRARIES = YES;
				CODE_SIGN_STYLE = Automatic;
				INFOPLIST_FILE = TheNewInstaUITests/Info.plist;
				LD_RUNPATH_SEARCH_PATHS = (
					"$(inherited)",
					"@executable_path/Frameworks",
					"@loader_path/Frameworks",
				);
				PRODUCT_BUNDLE_IDENTIFIER = KWK.TheNewInstaUITests;
				PRODUCT_NAME = "$(TARGET_NAME)";
				SWIFT_VERSION = 5.0;
				TARGETED_DEVICE_FAMILY = "1,2";
				TEST_TARGET_NAME = TheNewInsta;
			};
			name = Release;
		};
/* End XCBuildConfiguration section */

/* Begin XCConfigurationList section */
		12F1556B22BD895500B3BFF6 /* Build configuration list for PBXProject "TheNewInsta" */ = {
			isa = XCConfigurationList;
			buildConfigurations = (
				12F1559922BD895600B3BFF6 /* Debug */,
				12F1559A22BD895600B3BFF6 /* Release */,
			);
			defaultConfigurationIsVisible = 0;
			defaultConfigurationName = Release;
		};
		12F1559B22BD895600B3BFF6 /* Build configuration list for PBXNativeTarget "TheNewInsta" */ = {
			isa = XCConfigurationList;
			buildConfigurations = (
				12F1559C22BD895600B3BFF6 /* Debug */,
				12F1559D22BD895600B3BFF6 /* Release */,
			);
			defaultConfigurationIsVisible = 0;
			defaultConfigurationName = Release;
		};
		12F1559E22BD895600B3BFF6 /* Build configuration list for PBXNativeTarget "TheNewInstaTests" */ = {
			isa = XCConfigurationList;
			buildConfigurations = (
				12F1559F22BD895600B3BFF6 /* Debug */,
				12F155A022BD895600B3BFF6 /* Release */,
			);
			defaultConfigurationIsVisible = 0;
			defaultConfigurationName = Release;
		};
		12F155A122BD895600B3BFF6 /* Build configuration list for PBXNativeTarget "TheNewInstaUITests" */ = {
			isa = XCConfigurationList;
			buildConfigurations = (
				12F155A222BD895600B3BFF6 /* Debug */,
				12F155A322BD895600B3BFF6 /* Release */,
			);
			defaultConfigurationIsVisible = 0;
			defaultConfigurationName = Release;
		};
/* End XCConfigurationList section */

/* Begin XCVersionGroup section */
		12F1557A22BD895500B3BFF6 /* TheNewInsta.xcdatamodeld */ = {
			isa = XCVersionGroup;
			children = (
				12F1557B22BD895500B3BFF6 /* TheNewInsta.xcdatamodel */,
			);
			currentVersion = 12F1557B22BD895500B3BFF6 /* TheNewInsta.xcdatamodel */;
			path = TheNewInsta.xcdatamodeld;
			sourceTree = "<group>";
			versionGroupType = wrapper.xcdatamodel;
		};
/* End XCVersionGroup section */
	};
	rootObject = 12F1556822BD895500B3BFF6 /* Project object */;
}
